
Microsoft Visual Studio Solution File, Format Version 12.00
# Visual Studio Version 17
VisualStudioVersion = 17.7.34221.43
MinimumVisualStudioVersion = 10.0.40219.1
Project("{9A19103F-16F7-4668-BE54-9A1E7A4F7556}") = "DiemDanhChamCong", "DiemDanhChamCong\DiemDanhChamCong.csproj", "{5E159BEB-FC7F-4414-B50D-1B7AC0951B38}"
EndProject
Global
	GlobalSection(SolutionConfigurationPlatforms) = preSolution
		Debug|Any CPU = Debug|Any CPU
		Release|Any CPU = Release|Any CPU
	EndGlobalSection
	GlobalSection(ProjectConfigurationPlatforms) = postSolution
		{5E159BEB-FC7F-4414-B50D-1B7AC0951B38}.Debug|Any CPU.ActiveCfg = Debug|Any CPU
		{5E159BEB-FC7F-4414-B50D-1B7AC0951B38}.Debug|Any CPU.Build.0 = Debug|Any CPU
		{5E159BEB-FC7F-4414-B50D-1B7AC0951B38}.Release|Any CPU.ActiveCfg = Release|Any CPU
		{5E159BEB-FC7F-4414-B50D-1B7AC0951B38}.Release|Any CPU.Build.0 = Release|Any CPU
	EndGlobalSection
	GlobalSection(SolutionProperties) = preSolution
		HideSolutionNode = FALSE
	EndGlobalSection
	GlobalSection(ExtensibilityGlobals) = postSolution
		SolutionGuid = {7FC55EFD-0AC0-4201-A65D-C654CF7EE11E}
	EndGlobalSection
EndGlobal
